
Microsoft Visual Studio Solution File, Format Version 12.00
# Visual Studio Version 17
VisualStudioVersion = 17.14.36127.28 d17.14
MinimumVisualStudioVersion = 10.0.40219.1
Project("{FAE04EC0-301F-11D3-BF4B-00C04F79EFBC}") = "TaskManagerMVC", "TaskManagerMVC\TaskManagerMVC.csproj", "{9C48F603-F61E-4CDC-BC5D-2DBF6630624D}"
EndProject
Global
	GlobalSection(SolutionConfigurationPlatforms) = preSolution
		Debug|Any CPU = Debug|Any CPU
		Release|Any CPU = Release|Any CPU
	EndGlobalSection
	GlobalSection(ProjectConfigurationPlatforms) = postSolution
		{9C48F603-F61E-4CDC-BC5D-2DBF6630624D}.Debug|Any CPU.ActiveCfg = Debug|Any CPU
		{9C48F603-F61E-4CDC-BC5D-2DBF6630624D}.Debug|Any CPU.Build.0 = Debug|Any CPU
		{9C48F603-F61E-4CDC-BC5D-2DBF6630624D}.Release|Any CPU.ActiveCfg = Release|Any CPU
		{9C48F603-F61E-4CDC-BC5D-2DBF6630624D}.Release|Any CPU.Build.0 = Release|Any CPU
	EndGlobalSection
	GlobalSection(SolutionProperties) = preSolution
		HideSolutionNode = FALSE
	EndGlobalSection
	GlobalSection(ExtensibilityGlobals) = postSolution
		SolutionGuid = {F306F652-7511-43A5-9909-A7D283054165}
	EndGlobalSection
EndGlobal
